// !$*UTF8*$!
{
	archiveVersion = 1;
	classes = {
	};
	objectVersion = 52;
	objects = {

/* Begin PBXBuildFile section */
		08372D8325D0298C00215B54 /* AppDelegate.swift in Sources */ = {isa = PBXBuildFile; fileRef = 08372D8225D0298C00215B54 /* AppDelegate.swift */; };
		08372D8525D0298C00215B54 /* SceneDelegate.swift in Sources */ = {isa = PBXBuildFile; fileRef = 08372D8425D0298C00215B54 /* SceneDelegate.swift */; };
		08372D8725D0298C00215B54 /* ContentView.swift in Sources */ = {isa = PBXBuildFile; fileRef = 08372D8625D0298C00215B54 /* ContentView.swift */; };
		08372D8A25D0298C00215B54 /* iOSNetworking.xcdatamodeld in Sources */ = {isa = PBXBuildFile; fileRef = 08372D8825D0298C00215B54 /* iOSNetworking.xcdatamodeld */; };
		08372D8C25D0298E00215B54 /* Assets.xcassets in Resources */ = {isa = PBXBuildFile; fileRef = 08372D8B25D0298E00215B54 /* Assets.xcassets */; };
		08372D8F25D0298E00215B54 /* Preview Assets.xcassets in Resources */ = {isa = PBXBuildFile; fileRef = 08372D8E25D0298E00215B54 /* Preview Assets.xcassets */; };
		08372D9225D0298E00215B54 /* LaunchScreen.storyboard in Resources */ = {isa = PBXBuildFile; fileRef = 08372D9025D0298E00215B54 /* LaunchScreen.storyboard */; };
		08372D9D25D0298E00215B54 /* iOSNetworkingTests.swift in Sources */ = {isa = PBXBuildFile; fileRef = 08372D9C25D0298E00215B54 /* iOSNetworkingTests.swift */; };
		08372DA825D0298E00215B54 /* iOSNetworkingUITests.swift in Sources */ = {isa = PBXBuildFile; fileRef = 08372DA725D0298E00215B54 /* iOSNetworkingUITests.swift */; };
		08372DBD25D02EE200215B54 /* Alamofire in Frameworks */ = {isa = PBXBuildFile; productRef = 08372DBC25D02EE200215B54 /* Alamofire */; };
		08372DC525D04FE000215B54 /* AFHttp.swift in Sources */ = {isa = PBXBuildFile; fileRef = 08372DC425D04FE000215B54 /* AFHttp.swift */; };
		08EF63FE25D10E6900C430A9 /* Employee.swift in Sources */ = {isa = PBXBuildFile; fileRef = 08EF63FD25D10E6900C430A9 /* Employee.swift */; };
/* End PBXBuildFile section */

/* Begin PBXContainerItemProxy section */
		08372D9925D0298E00215B54 /* PBXContainerItemProxy */ = {
			isa = PBXContainerItemProxy;
			containerPortal = 08372D7725D0298C00215B54 /* Project object */;
			proxyType = 1;
			remoteGlobalIDString = 08372D7E25D0298C00215B54;
			remoteInfo = iOSNetworking;
		};
		08372DA425D0298E00215B54 /* PBXContainerItemProxy */ = {
			isa = PBXContainerItemProxy;
			containerPortal = 08372D7725D0298C00215B54 /* Project object */;
			proxyType = 1;
			remoteGlobalIDString = 08372D7E25D0298C00215B54;
			remoteInfo = iOSNetworking;
		};
/* End PBXContainerItemProxy section */

/* Begin PBXFileReference section */
		08372D7F25D0298C00215B54 /* iOSNetworking.app */ = {isa = PBXFileReference; explicitFileType = wrapper.application; includeInIndex = 0; path = iOSNetworking.app; sourceTree = BUILT_PRODUCTS_DIR; };
		08372D8225D0298C00215B54 /* AppDelegate.swift */ = {isa = PBXFileReference; lastKnownFileType = sourcecode.swift; path = AppDelegate.swift; sourceTree = "<group>"; };
		08372D8425D0298C00215B54 /* SceneDelegate.swift */ = {isa = PBXFileReference; lastKnownFileType = sourcecode.swift; path = SceneDelegate.swift; sourceTree = "<group>"; };
		08372D8625D0298C00215B54 /* ContentView.swift */ = {isa = PBXFileReference; lastKnownFileType = sourcecode.swift; path = ContentView.swift; sourceTree = "<group>"; };
		08372D8925D0298C00215B54 /* iOSNetworking.xcdatamodel */ = {isa = PBXFileReference; lastKnownFileType = wrapper.xcdatamodel; path = iOSNetworking.xcdatamodel; sourceTree = "<group>"; };
		08372D8B25D0298E00215B54 /* Assets.xcassets */ = {isa = PBXFileReference; lastKnownFileType = folder.assetcatalog; path = Assets.xcassets; sourceTree = "<group>"; };
		08372D8E25D0298E00215B54 /* Preview Assets.xcassets */ = {isa = PBXFileReference; lastKnownFileType = folder.assetcatalog; path = "Preview Assets.xcassets"; sourceTree = "<group>"; };
		08372D9125D0298E00215B54 /* Base */ = {isa = PBXFileReference; lastKnownFileType = file.storyboard; name = Base; path = Base.lproj/LaunchScreen.storyboard; sourceTree = "<group>"; };
		08372D9325D0298E00215B54 /* Info.plist */ = {isa = PBXFileReference; lastKnownFileType = text.plist.xml; path = Info.plist; sourceTree = "<group>"; };
		08372D9825D0298E00215B54 /* iOSNetworkingTests.xctest */ = {isa = PBXFileReference; explicitFileType = wrapper.cfbundle; includeInIndex = 0; path = iOSNetworkingTests.xctest; sourceTree = BUILT_PRODUCTS_DIR; };
		08372D9C25D0298E00215B54 /* iOSNetworkingTests.swift */ = {isa = PBXFileReference; lastKnownFileType = sourcecode.swift; path = iOSNetworkingTests.swift; sourceTree = "<group>"; };
		08372D9E25D0298E00215B54 /* Info.plist */ = {isa = PBXFileReference; lastKnownFileType = text.plist.xml; path = Info.plist; sourceTree = "<group>"; };
		08372DA325D0298E00215B54 /* iOSNetworkingUITests.xctest */ = {isa = PBXFileReference; explicitFileType = wrapper.cfbundle; includeInIndex = 0; path = iOSNetworkingUITests.xctest; sourceTree = BUILT_PRODUCTS_DIR; };
		08372DA725D0298E00215B54 /* iOSNetworkingUITests.swift */ = {isa = PBXFileReference; lastKnownFileType = sourcecode.swift; path = iOSNetworkingUITests.swift; sourceTree = "<group>"; };
		08372DA925D0298E00215B54 /* Info.plist */ = {isa = PBXFileReference; lastKnownFileType = text.plist.xml; path = Info.plist; sourceTree = "<group>"; };
		08372DC425D04FE000215B54 /* AFHttp.swift */ = {isa = PBXFileReference; lastKnownFileType = sourcecode.swift; path = AFHttp.swift; sourceTree = "<group>"; };
		08EF63FD25D10E6900C430A9 /* Employee.swift */ = {isa = PBXFileReference; lastKnownFileType = sourcecode.swift; path = Employee.swift; sourceTree = "<group>"; };
/* End PBXFileReference section */

/* Begin PBXFrameworksBuildPhase section */
		08372D7C25D0298C00215B54 /* Frameworks */ = {
			isa = PBXFrameworksBuildPhase;
			buildActionMask = 2147483647;
			files = (
				08372DBD25D02EE200215B54 /* Alamofire in Frameworks */,
			);
			runOnlyForDeploymentPostprocessing = 0;
		};
		08372D9525D0298E00215B54 /* Frameworks */ = {
			isa = PBXFrameworksBuildPhase;
			buildActionMask = 2147483647;
			files = (
			);
			runOnlyForDeploymentPostprocessing = 0;
		};
		08372DA025D0298E00215B54 /* Frameworks */ = {
			isa = PBXFrameworksBuildPhase;
			buildActionMask = 2147483647;
			files = (
			);
			runOnlyForDeploymentPostprocessing = 0;
		};
/* End PBXFrameworksBuildPhase section */

/* Begin PBXGroup section */
		08372D7625D0298C00215B54 = {
			isa = PBXGroup;
			children = (
				08372D8125D0298C00215B54 /* iOSNetworking */,
				08372D9B25D0298E00215B54 /* iOSNetworkingTests */,
				08372DA625D0298E00215B54 /* iOSNetworkingUITests */,
				08372D8025D0298C00215B54 /* Products */,
			);
			sourceTree = "<group>";
		};
		08372D8025D0298C00215B54 /* Products */ = {
			isa = PBXGroup;
			children = (
				08372D7F25D0298C00215B54 /* iOSNetworking.app */,
				08372D9825D0298E00215B54 /* iOSNetworkingTests.xctest */,
				08372DA325D0298E00215B54 /* iOSNetworkingUITests.xctest */,
			);
			name = Products;
			sourceTree = "<group>";
		};
		08372D8125D0298C00215B54 /* iOSNetworking */ = {
			isa = PBXGroup;
			children = (
				08372DC325D04FC300215B54 /* model */,
				08372DC225D04FBB00215B54 /* network */,
				08372DC125D04F7800215B54 /* screens */,
				08372D8225D0298C00215B54 /* AppDelegate.swift */,
				08372D8425D0298C00215B54 /* SceneDelegate.swift */,
				08372D8B25D0298E00215B54 /* Assets.xcassets */,
				08372D9025D0298E00215B54 /* LaunchScreen.storyboard */,
				08372D9325D0298E00215B54 /* Info.plist */,
				08372D8825D0298C00215B54 /* iOSNetworking.xcdatamodeld */,
				08372D8D25D0298E00215B54 /* Preview Content */,
			);
			path = iOSNetworking;
			sourceTree = "<group>";
		};
		08372D8D25D0298E00215B54 /* Preview Content */ = {
			isa = PBXGroup;
			children = (
				08372D8E25D0298E00215B54 /* Preview Assets.xcassets */,
			);
			path = "Preview Content";
			sourceTree = "<group>";
		};
		08372D9B25D0298E00215B54 /* iOSNetworkingTests */ = {
			isa = PBXGroup;
			children = (
				08372D9C25D0298E00215B54 /* iOSNetworkingTests.swift */,
				08372D9E25D0298E00215B54 /* Info.plist */,
			);
			path = iOSNetworkingTests;
			sourceTree = "<group>";
		};
		08372DA625D0298E00215B54 /* iOSNetworkingUITests */ = {
			isa = PBXGroup;
			children = (
				08372DA725D0298E00215B54 /* iOSNetworkingUITests.swift */,
				08372DA925D0298E00215B54 /* Info.plist */,
			);
			path = iOSNetworkingUITests;
			sourceTree = "<group>";
		};
		08372DC125D04F7800215B54 /* screens */ = {
			isa = PBXGroup;
			children = (
				08372D8625D0298C00215B54 /* ContentView.swift */,
			);
			path = screens;
			sourceTree = "<group>";
		};
		08372DC225D04FBB00215B54 /* network */ = {
			isa = PBXGroup;
			children = (
				08372DC425D04FE000215B54 /* AFHttp.swift */,
			);
			path = network;
			sourceTree = "<group>";
		};
		08372DC325D04FC300215B54 /* model */ = {
			isa = PBXGroup;
			children = (
				08EF63FD25D10E6900C430A9 /* Employee.swift */,
			);
			path = model;
			sourceTree = "<group>";
		};
/* End PBXGroup section */

/* Begin PBXNativeTarget section */
		08372D7E25D0298C00215B54 /* iOSNetworking */ = {
			isa = PBXNativeTarget;
			buildConfigurationList = 08372DAC25D0298E00215B54 /* Build configuration list for PBXNativeTarget "iOSNetworking" */;
			buildPhases = (
				08372D7B25D0298C00215B54 /* Sources */,
				08372D7C25D0298C00215B54 /* Frameworks */,
				08372D7D25D0298C00215B54 /* Resources */,
			);
			buildRules = (
			);
			dependencies = (
			);
			name = iOSNetworking;
			packageProductDependencies = (
				08372DBC25D02EE200215B54 /* Alamofire */,
			);
			productName = iOSNetworking;
			productReference = 08372D7F25D0298C00215B54 /* iOSNetworking.app */;
			productType = "com.apple.product-type.application";
		};
		08372D9725D0298E00215B54 /* iOSNetworkingTests */ = {
			isa = PBXNativeTarget;
			buildConfigurationList = 08372DAF25D0298E00215B54 /* Build configuration list for PBXNativeTarget "iOSNetworkingTests" */;
			buildPhases = (
				08372D9425D0298E00215B54 /* Sources */,
				08372D9525D0298E00215B54 /* Frameworks */,
				08372D9625D0298E00215B54 /* Resources */,
			);
			buildRules = (
			);
			dependencies = (
				08372D9A25D0298E00215B54 /* PBXTargetDependency */,
			);
			name = iOSNetworkingTests;
			productName = iOSNetworkingTests;
			productReference = 08372D9825D0298E00215B54 /* iOSNetworkingTests.xctest */;
			productType = "com.apple.product-type.bundle.unit-test";
		};
		08372DA225D0298E00215B54 /* iOSNetworkingUITests */ = {
			isa = PBXNativeTarget;
			buildConfigurationList = 08372DB225D0298E00215B54 /* Build configuration list for PBXNativeTarget "iOSNetworkingUITests" */;
			buildPhases = (
				08372D9F25D0298E00215B54 /* Sources */,
				08372DA025D0298E00215B54 /* Frameworks */,
				08372DA125D0298E00215B54 /* Resources */,
			);
			buildRules = (
			);
			dependencies = (
				08372DA525D0298E00215B54 /* PBXTargetDependency */,
			);
			name = iOSNetworkingUITests;
			productName = iOSNetworkingUITests;
			productReference = 08372DA325D0298E00215B54 /* iOSNetworkingUITests.xctest */;
			productType = "com.apple.product-type.bundle.ui-testing";
		};
/* End PBXNativeTarget section */

/* Begin PBXProject section */
		08372D7725D0298C00215B54 /* Project object */ = {
			isa = PBXProject;
			attributes = {
				LastSwiftUpdateCheck = 1230;
				LastUpgradeCheck = 1230;
				TargetAttributes = {
					08372D7E25D0298C00215B54 = {
						CreatedOnToolsVersion = 12.3;
					};
					08372D9725D0298E00215B54 = {
						CreatedOnToolsVersion = 12.3;
						TestTargetID = 08372D7E25D0298C00215B54;
					};
					08372DA225D0298E00215B54 = {
						CreatedOnToolsVersion = 12.3;
						TestTargetID = 08372D7E25D0298C00215B54;
					};
				};
			};
			buildConfigurationList = 08372D7A25D0298C00215B54 /* Build configuration list for PBXProject "iOSNetworking" */;
			compatibilityVersion = "Xcode 9.3";
			developmentRegion = en;
			hasScannedForEncodings = 0;
			knownRegions = (
				en,
				Base,
			);
			mainGroup = 08372D7625D0298C00215B54;
			packageReferences = (
				08372DBB25D02EE200215B54 /* XCRemoteSwiftPackageReference "Alamofire" */,
			);
			productRefGroup = 08372D8025D0298C00215B54 /* Products */;
			projectDirPath = "";
			projectRoot = "";
			targets = (
				08372D7E25D0298C00215B54 /* iOSNetworking */,
				08372D9725D0298E00215B54 /* iOSNetworkingTests */,
				08372DA225D0298E00215B54 /* iOSNetworkingUITests */,
			);
		};
/* End PBXProject section */

/* Begin PBXResourcesBuildPhase section */
		08372D7D25D0298C00215B54 /* Resources */ = {
			isa = PBXResourcesBuildPhase;
			buildActionMask = 2147483647;
			files = (
				08372D9225D0298E00215B54 /* LaunchScreen.storyboard in Resources */,
				08372D8F25D0298E00215B54 /* Preview Assets.xcassets in Resources */,
				08372D8C25D0298E00215B54 /* Assets.xcassets in Resources */,
			);
			runOnlyForDeploymentPostprocessing = 0;
		};
		08372D9625D0298E00215B54 /* Resources */ = {
			isa = PBXResourcesBuildPhase;
			buildActionMask = 2147483647;
			files = (
			);
			runOnlyForDeploymentPostprocessing = 0;
		};
		08372DA125D0298E00215B54 /* Resources */ = {
			isa = PBXResourcesBuildPhase;
			buildActionMask = 2147483647;
			files = (
			);
			runOnlyForDeploymentPostprocessing = 0;
		};
/* End PBXResourcesBuildPhase section */

/* Begin PBXSourcesBuildPhase section */
		08372D7B25D0298C00215B54 /* Sources */ = {
			isa = PBXSourcesBuildPhase;
			buildActionMask = 2147483647;
			files = (
				08372DC525D04FE000215B54 /* AFHttp.swift in Sources */,
				08372D8325D0298C00215B54 /* AppDelegate.swift in Sources */,
				08372D8A25D0298C00215B54 /* iOSNetworking.xcdatamodeld in Sources */,
				08EF63FE25D10E6900C430A9 /* Employee.swift in Sources */,
				08372D8525D0298C00215B54 /* SceneDelegate.swift in Sources */,
				08372D8725D0298C00215B54 /* ContentView.swift in Sources */,
			);
			runOnlyForDeploymentPostprocessing = 0;
		};
		08372D9425D0298E00215B54 /* Sources */ = {
			isa = PBXSourcesBuildPhase;
			buildActionMask = 2147483647;
			files = (
				08372D9D25D0298E00215B54 /* iOSNetworkingTests.swift in Sources */,
			);
			runOnlyForDeploymentPostprocessing = 0;
		};
		08372D9F25D0298E00215B54 /* Sources */ = {
			isa = PBXSourcesBuildPhase;
			buildActionMask = 2147483647;
			files = (
				08372DA825D0298E00215B54 /* iOSNetworkingUITests.swift in Sources */,
			);
			runOnlyForDeploymentPostprocessing = 0;
		};
/* End PBXSourcesBuildPhase section */

/* Begin PBXTargetDependency section */
		08372D9A25D0298E00215B54 /* PBXTargetDependency */ = {
			isa = PBXTargetDependency;
			target = 08372D7E25D0298C00215B54 /* iOSNetworking */;
			targetProxy = 08372D9925D0298E00215B54 /* PBXContainerItemProxy */;
		};
		08372DA525D0298E00215B54 /* PBXTargetDependency */ = {
			isa = PBXTargetDependency;
			target = 08372D7E25D0298C00215B54 /* iOSNetworking */;
			targetProxy = 08372DA425D0298E00215B54 /* PBXContainerItemProxy */;
		};
/* End PBXTargetDependency section */

/* Begin PBXVariantGroup section */
		08372D9025D0298E00215B54 /* LaunchScreen.storyboard */ = {
			isa = PBXVariantGroup;
			children = (
				08372D9125D0298E00215B54 /* Base */,
			);
			name = LaunchScreen.storyboard;
			sourceTree = "<group>";
		};
/* End PBXVariantGroup section */

/* Begin XCBuildConfiguration section */
		08372DAA25D0298E00215B54 /* Debug */ = {
			isa = XCBuildConfiguration;
			buildSettings = {
				ALWAYS_SEARCH_USER_PATHS = NO;
				CLANG_ANALYZER_NONNULL = YES;
				CLANG_ANALYZER_NUMBER_OBJECT_CONVERSION = YES_AGGRESSIVE;
				CLANG_CXX_LANGUAGE_STANDARD = "gnu++14";
				CLANG_CXX_LIBRARY = "libc++";
				CLANG_ENABLE_MODULES = YES;
				CLANG_ENABLE_OBJC_ARC = YES;
				CLANG_ENABLE_OBJC_WEAK = YES;
				CLANG_WARN_BLOCK_CAPTURE_AUTORELEASING = YES;
				CLANG_WARN_BOOL_CONVERSION = YES;
				CLANG_WARN_COMMA = YES;
				CLANG_WARN_CONSTANT_CONVERSION = YES;
				CLANG_WARN_DEPRECATED_OBJC_IMPLEMENTATIONS = YES;
				CLANG_WARN_DIRECT_OBJC_ISA_USAGE = YES_ERROR;
				CLANG_WARN_DOCUMENTATION_COMMENTS = YES;
				CLANG_WARN_EMPTY_BODY = YES;
				CLANG_WARN_ENUM_CONVERSION = YES;
				CLANG_WARN_INFINITE_RECURSION = YES;
				CLANG_WARN_INT_CONVERSION = YES;
				CLANG_WARN_NON_LITERAL_NULL_CONVERSION = YES;
				CLANG_WARN_OBJC_IMPLICIT_RETAIN_SELF = YES;
				CLANG_WARN_OBJC_LITERAL_CONVERSION = YES;
				CLANG_WARN_OBJC_ROOT_CLASS = YES_ERROR;
				CLANG_WARN_QUOTED_INCLUDE_IN_FRAMEWORK_HEADER = YES;
				CLANG_WARN_RANGE_LOOP_ANALYSIS = YES;
				CLANG_WARN_STRICT_PROTOTYPES = YES;
				CLANG_WARN_SUSPICIOUS_MOVE = YES;
				CLANG_WARN_UNGUARDED_AVAILABILITY = YES_AGGRESSIVE;
				CLANG_WARN_UNREACHABLE_CODE = YES;
				CLANG_WARN__DUPLICATE_METHOD_MATCH = YES;
				COPY_PHASE_STRIP = NO;
				DEBUG_INFORMATION_FORMAT = dwarf;
				ENABLE_STRICT_OBJC_MSGSEND = YES;
				ENABLE_TESTABILITY = YES;
				GCC_C_LANGUAGE_STANDARD = gnu11;
				GCC_DYNAMIC_NO_PIC = NO;
				GCC_NO_COMMON_BLOCKS = YES;
				GCC_OPTIMIZATION_LEVEL = 0;
				GCC_PREPROCESSOR_DEFINITIONS = (
					"DEBUG=1",
					"$(inherited)",
				);
				GCC_WARN_64_TO_32_BIT_CONVERSION = YES;
				GCC_WARN_ABOUT_RETURN_TYPE = YES_ERROR;
				GCC_WARN_UNDECLARED_SELECTOR = YES;
				GCC_WARN_UNINITIALIZED_AUTOS = YES_AGGRESSIVE;
				GCC_WARN_UNUSED_FUNCTION = YES;
				GCC_WARN_UNUSED_VARIABLE = YES;
				IPHONEOS_DEPLOYMENT_TARGET = 14.3;
				MTL_ENABLE_DEBUG_INFO = INCLUDE_SOURCE;
				MTL_FAST_MATH = YES;
				ONLY_ACTIVE_ARCH = YES;
				SDKROOT = iphoneos;
				SWIFT_ACTIVE_COMPILATION_CONDITIONS = DEBUG;
				SWIFT_OPTIMIZATION_LEVEL = "-Onone";
			};
			name = Debug;
		};
		08372DAB25D0298E00215B54 /* Release */ = {
			isa = XCBuildConfiguration;
			buildSettings = {
				ALWAYS_SEARCH_USER_PATHS = NO;
				CLANG_ANALYZER_NONNULL = YES;
				CLANG_ANALYZER_NUMBER_OBJECT_CONVERSION = YES_AGGRESSIVE;
				CLANG_CXX_LANGUAGE_STANDARD = "gnu++14";
				CLANG_CXX_LIBRARY = "libc++";
				CLANG_ENABLE_MODULES = YES;
				CLANG_ENABLE_OBJC_ARC = YES;
				CLANG_ENABLE_OBJC_WEAK = YES;
				CLANG_WARN_BLOCK_CAPTURE_AUTORELEASING = YES;
				CLANG_WARN_BOOL_CONVERSION = YES;
				CLANG_WARN_COMMA = YES;
				CLANG_WARN_CONSTANT_CONVERSION = YES;
				CLANG_WARN_DEPRECATED_OBJC_IMPLEMENTATIONS = YES;
				CLANG_WARN_DIRECT_OBJC_ISA_USAGE = YES_ERROR;
				CLANG_WARN_DOCUMENTATION_COMMENTS = YES;
				CLANG_WARN_EMPTY_BODY = YES;
				CLANG_WARN_ENUM_CONVERSION = YES;
				CLANG_WARN_INFINITE_RECURSION = YES;
				CLANG_WARN_INT_CONVERSION = YES;
				CLANG_WARN_NON_LITERAL_NULL_CONVERSION = YES;
				CLANG_WARN_OBJC_IMPLICIT_RETAIN_SELF = YES;
				CLANG_WARN_OBJC_LITERAL_CONVERSION = YES;
				CLANG_WARN_OBJC_ROOT_CLASS = YES_ERROR;
				CLANG_WARN_QUOTED_INCLUDE_IN_FRAMEWORK_HEADER = YES;
				CLANG_WARN_RANGE_LOOP_ANALYSIS = YES;
				CLANG_WARN_STRICT_PROTOTYPES = YES;
				CLANG_WARN_SUSPICIOUS_MOVE = YES;
				CLANG_WARN_UNGUARDED_AVAILABILITY = YES_AGGRESSIVE;
				CLANG_WARN_UNREACHABLE_CODE = YES;
				CLANG_WARN__DUPLICATE_METHOD_MATCH = YES;
				COPY_PHASE_STRIP = NO;
				DEBUG_INFORMATION_FORMAT = "dwarf-with-dsym";
				ENABLE_NS_ASSERTIONS = NO;
				ENABLE_STRICT_OBJC_MSGSEND = YES;
				GCC_C_LANGUAGE_STANDARD = gnu11;
				GCC_NO_COMMON_BLOCKS = YES;
				GCC_WARN_64_TO_32_BIT_CONVERSION = YES;
				GCC_WARN_ABOUT_RETURN_TYPE = YES_ERROR;
				GCC_WARN_UNDECLARED_SELECTOR = YES;
				GCC_WARN_UNINITIALIZED_AUTOS = YES_AGGRESSIVE;
				GCC_WARN_UNUSED_FUNCTION = YES;
				GCC_WARN_UNUSED_VARIABLE = YES;
				IPHONEOS_DEPLOYMENT_TARGET = 14.3;
				MTL_ENABLE_DEBUG_INFO = NO;
				MTL_FAST_MATH = YES;
				SDKROOT = iphoneos;
				SWIFT_COMPILATION_MODE = wholemodule;
				SWIFT_OPTIMIZATION_LEVEL = "-O";
				VALIDATE_PRODUCT = YES;
			};
			name = Release;
		};
		08372DAD25D0298E00215B54 /* Debug */ = {
			isa = XCBuildConfiguration;
			buildSettings = {
				ASSETCATALOG_COMPILER_APPICON_NAME = AppIcon;
				ASSETCATALOG_COMPILER_GLOBAL_ACCENT_COLOR_NAME = AccentColor;
				CODE_SIGN_STYLE = Automatic;
				DEVELOPMENT_ASSET_PATHS = "\"iOSNetworking/Preview Content\"";
				DEVELOPMENT_TEAM = ZBCH42888L;
				ENABLE_PREVIEWS = YES;
				INFOPLIST_FILE = iOSNetworking/Info.plist;
				LD_RUNPATH_SEARCH_PATHS = (
					"$(inherited)",
					"@executable_path/Frameworks",
				);
				PRODUCT_BUNDLE_IDENTIFIER = swift.iOSNetworking;
				PRODUCT_NAME = "$(TARGET_NAME)";
				SWIFT_VERSION = 5.0;
				TARGETED_DEVICE_FAMILY = "1,2";
			};
			name = Debug;
		};
		08372DAE25D0298E00215B54 /* Release */ = {
			isa = XCBuildConfiguration;
			buildSettings = {
				ASSETCATALOG_COMPILER_APPICON_NAME = AppIcon;
				ASSETCATALOG_COMPILER_GLOBAL_ACCENT_COLOR_NAME = AccentColor;
				CODE_SIGN_STYLE = Automatic;
				DEVELOPMENT_ASSET_PATHS = "\"iOSNetworking/Preview Content\"";
				DEVELOPMENT_TEAM = ZBCH42888L;
				ENABLE_PREVIEWS = YES;
				INFOPLIST_FILE = iOSNetworking/Info.plist;
				LD_RUNPATH_SEARCH_PATHS = (
					"$(inherited)",
					"@executable_path/Frameworks",
				);
				PRODUCT_BUNDLE_IDENTIFIER = swift.iOSNetworking;
				PRODUCT_NAME = "$(TARGET_NAME)";
				SWIFT_VERSION = 5.0;
				TARGETED_DEVICE_FAMILY = "1,2";
			};
			name = Release;
		};
		08372DB025D0298E00215B54 /* Debug */ = {
			isa = XCBuildConfiguration;
			buildSettings = {
				ALWAYS_EMBED_SWIFT_STANDARD_LIBRARIES = YES;
				BUNDLE_LOADER = "$(TEST_HOST)";
				CODE_SIGN_STYLE = Automatic;
				DEVELOPMENT_TEAM = ZBCH42888L;
				INFOPLIST_FILE = iOSNetworkingTests/Info.plist;
				IPHONEOS_DEPLOYMENT_TARGET = 14.3;
				LD_RUNPATH_SEARCH_PATHS = (
					"$(inherited)",
					"@executable_path/Frameworks",
					"@loader_path/Frameworks",
				);
				PRODUCT_BUNDLE_IDENTIFIER = swift.iOSNetworkingTests;
				PRODUCT_NAME = "$(TARGET_NAME)";
				SWIFT_VERSION = 5.0;
				TARGETED_DEVICE_FAMILY = "1,2";
				TEST_HOST = "$(BUILT_PRODUCTS_DIR)/iOSNetworking.app/iOSNetworking";
			};
			name = Debug;
		};
		08372DB125D0298E00215B54 /* Release */ = {
			isa = XCBuildConfiguration;
			buildSettings = {
				ALWAYS_EMBED_SWIFT_STANDARD_LIBRARIES = YES;
				BUNDLE_LOADER = "$(TEST_HOST)";
				CODE_SIGN_STYLE = Automatic;
				DEVELOPMENT_TEAM = ZBCH42888L;
				INFOPLIST_FILE = iOSNetworkingTests/Info.plist;
				IPHONEOS_DEPLOYMENT_TARGET = 14.3;
				LD_RUNPATH_SEARCH_PATHS = (
					"$(inherited)",
					"@executable_path/Frameworks",
					"@loader_path/Frameworks",
				);
				PRODUCT_BUNDLE_IDENTIFIER = swift.iOSNetworkingTests;
				PRODUCT_NAME = "$(TARGET_NAME)";
				SWIFT_VERSION = 5.0;
				TARGETED_DEVICE_FAMILY = "1,2";
				TEST_HOST = "$(BUILT_PRODUCTS_DIR)/iOSNetworking.app/iOSNetworking";
			};
			name = Release;
		};
		08372DB325D0298E00215B54 /* Debug */ = {
			isa = XCBuildConfiguration;
			buildSettings = {
				ALWAYS_EMBED_SWIFT_STANDARD_LIBRARIES = YES;
				CODE_SIGN_STYLE = Automatic;
				DEVELOPMENT_TEAM = ZBCH42888L;
				INFOPLIST_FILE = iOSNetworkingUITests/Info.plist;
				LD_RUNPATH_SEARCH_PATHS = (
					"$(inherited)",
					"@executable_path/Frameworks",
					"@loader_path/Frameworks",
				);
				PRODUCT_BUNDLE_IDENTIFIER = swift.iOSNetworkingUITests;
				PRODUCT_NAME = "$(TARGET_NAME)";
				SWIFT_VERSION = 5.0;
				TARGETED_DEVICE_FAMILY = "1,2";
				TEST_TARGET_NAME = iOSNetworking;
			};
			name = Debug;
		};
		08372DB425D0298E00215B54 /* Release */ = {
			isa = XCBuildConfiguration;
			buildSettings = {
				ALWAYS_EMBED_SWIFT_STANDARD_LIBRARIES = YES;
				CODE_SIGN_STYLE = Automatic;
				DEVELOPMENT_TEAM = ZBCH42888L;
				INFOPLIST_FILE = iOSNetworkingUITests/Info.plist;
				LD_RUNPATH_SEARCH_PATHS = (
					"$(inherited)",
					"@executable_path/Frameworks",
					"@loader_path/Frameworks",
				);
				PRODUCT_BUNDLE_IDENTIFIER = swift.iOSNetworkingUITests;
				PRODUCT_NAME = "$(TARGET_NAME)";
				SWIFT_VERSION = 5.0;
				TARGETED_DEVICE_FAMILY = "1,2";
				TEST_TARGET_NAME = iOSNetworking;
			};
			name = Release;
		};
/* End XCBuildConfiguration section */

/* Begin XCConfigurationList section */
		08372D7A25D0298C00215B54 /* Build configuration list for PBXProject "iOSNetworking" */ = {
			isa = XCConfigurationList;
			buildConfigurations = (
				08372DAA25D0298E00215B54 /* Debug */,
				08372DAB25D0298E00215B54 /* Release */,
			);
			defaultConfigurationIsVisible = 0;
			defaultConfigurationName = Release;
		};
		08372DAC25D0298E00215B54 /* Build configuration list for PBXNativeTarget "iOSNetworking" */ = {
			isa = XCConfigurationList;
			buildConfigurations = (
				08372DAD25D0298E00215B54 /* Debug */,
				08372DAE25D0298E00215B54 /* Release */,
			);
			defaultConfigurationIsVisible = 0;
			defaultConfigurationName = Release;
		};
		08372DAF25D0298E00215B54 /* Build configuration list for PBXNativeTarget "iOSNetworkingTests" */ = {
			isa = XCConfigurationList;
			buildConfigurations = (
				08372DB025D0298E00215B54 /* Debug */,
				08372DB125D0298E00215B54 /* Release */,
			);
			defaultConfigurationIsVisible = 0;
			defaultConfigurationName = Release;
		};
		08372DB225D0298E00215B54 /* Build configuration list for PBXNativeTarget "iOSNetworkingUITests" */ = {
			isa = XCConfigurationList;
			buildConfigurations = (
				08372DB325D0298E00215B54 /* Debug */,
				08372DB425D0298E00215B54 /* Release */,
			);
			defaultConfigurationIsVisible = 0;
			defaultConfigurationName = Release;
		};
/* End XCConfigurationList section */

/* Begin XCRemoteSwiftPackageReference section */
		08372DBB25D02EE200215B54 /* XCRemoteSwiftPackageReference "Alamofire" */ = {
			isa = XCRemoteSwiftPackageReference;
			repositoryURL = "https://github.com/Alamofire/Alamofire.git";
			requirement = {
				kind = upToNextMajorVersion;
				minimumVersion = 5.4.1;
			};
		};
/* End XCRemoteSwiftPackageReference section */

/* Begin XCSwiftPackageProductDependency section */
		08372DBC25D02EE200215B54 /* Alamofire */ = {
			isa = XCSwiftPackageProductDependency;
			package = 08372DBB25D02EE200215B54 /* XCRemoteSwiftPackageReference "Alamofire" */;
			productName = Alamofire;
		};
/* End XCSwiftPackageProductDependency section */

/* Begin XCVersionGroup section */
		08372D8825D0298C00215B54 /* iOSNetworking.xcdatamodeld */ = {
			isa = XCVersionGroup;
			children = (
				08372D8925D0298C00215B54 /* iOSNetworking.xcdatamodel */,
			);
			currentVersion = 08372D8925D0298C00215B54 /* iOSNetworking.xcdatamodel */;
			path = iOSNetworking.xcdatamodeld;
			sourceTree = "<group>";
			versionGroupType = wrapper.xcdatamodel;
		};
/* End XCVersionGroup section */
	};
	rootObject = 08372D7725D0298C00215B54 /* Project object */;
}
